
Microsoft Visual Studio Solution File, Format Version 12.00
# Visual Studio Version 17
VisualStudioVersion = 17.14.36221.1 d17.14
MinimumVisualStudioVersion = 10.0.40219.1
Project("{FAE04EC0-301F-11D3-BF4B-00C04F79EFBC}") = "mssa_5.1.3", "mssa_5.1.3.csproj", "{F3BE468D-E509-4537-BAB7-CC47CA19ECE4}"
EndProject
Global
	GlobalSection(SolutionConfigurationPlatforms) = preSolution
		Debug|Any CPU = Debug|Any CPU
		Release|Any CPU = Release|Any CPU
	EndGlobalSection
	GlobalSection(ProjectConfigurationPlatforms) = postSolution
		{F3BE468D-E509-4537-BAB7-CC47CA19ECE4}.Debug|Any CPU.ActiveCfg = Debug|Any CPU
		{F3BE468D-E509-4537-BAB7-CC47CA19ECE4}.Debug|Any CPU.Build.0 = Debug|Any CPU
		{F3BE468D-E509-4537-BAB7-CC47CA19ECE4}.Release|Any CPU.ActiveCfg = Release|Any CPU
		{F3BE468D-E509-4537-BAB7-CC47CA19ECE4}.Release|Any CPU.Build.0 = Release|Any CPU
	EndGlobalSection
	GlobalSection(SolutionProperties) = preSolution
		HideSolutionNode = FALSE
	EndGlobalSection
	GlobalSection(ExtensibilityGlobals) = postSolution
		SolutionGuid = {F57D50D6-A134-410D-99C0-C96EF7CDCEC7}
	EndGlobalSection
EndGlobal
